
Microsoft Visual Studio Solution File, Format Version 12.00
# Visual Studio Version 16
VisualStudioVersion = 16.0.30406.217
MinimumVisualStudioVersion = 10.0.40219.1
Project("{FAE04EC0-301F-11D3-BF4B-00C04F79EFBC}") = "ExamplesFor_70-483", "ExamplesFor_70-483\ExamplesFor_70-483.csproj", "{5F33CABD-7859-4268-8FE0-C1FF959F7DE5}"
EndProject
Global
	GlobalSection(SolutionConfigurationPlatforms) = preSolution
		Debug|Any CPU = Debug|Any CPU
		Release|Any CPU = Release|Any CPU
	EndGlobalSection
	GlobalSection(ProjectConfigurationPlatforms) = postSolution
		{5F33CABD-7859-4268-8FE0-C1FF959F7DE5}.Debug|Any CPU.ActiveCfg = Debug|Any CPU
		{5F33CABD-7859-4268-8FE0-C1FF959F7DE5}.Debug|Any CPU.Build.0 = Debug|Any CPU
		{5F33CABD-7859-4268-8FE0-C1FF959F7DE5}.Release|Any CPU.ActiveCfg = Release|Any CPU
		{5F33CABD-7859-4268-8FE0-C1FF959F7DE5}.Release|Any CPU.Build.0 = Release|Any CPU
	EndGlobalSection
	GlobalSection(SolutionProperties) = preSolution
		HideSolutionNode = FALSE
	EndGlobalSection
	GlobalSection(ExtensibilityGlobals) = postSolution
		SolutionGuid = {CBDA9285-1F5C-457B-A66A-A75D5AC661E4}
	EndGlobalSection
EndGlobal
